
Microsoft Visual Studio Solution File, Format Version 12.00
# Visual Studio Version 17
VisualStudioVersion = 17.11.35327.3
MinimumVisualStudioVersion = 10.0.40219.1
Project("{FAE04EC0-301F-11D3-BF4B-00C04F79EFBC}") = "Lecture-85", "Lecture-85\Lecture-85.csproj", "{005F9988-7DBE-4C90-B16D-2FDAC11BF488}"
EndProject
Global
	GlobalSection(SolutionConfigurationPlatforms) = preSolution
		Debug|Any CPU = Debug|Any CPU
		Release|Any CPU = Release|Any CPU
	EndGlobalSection
	GlobalSection(ProjectConfigurationPlatforms) = postSolution
		{005F9988-7DBE-4C90-B16D-2FDAC11BF488}.Debug|Any CPU.ActiveCfg = Debug|Any CPU
		{005F9988-7DBE-4C90-B16D-2FDAC11BF488}.Debug|Any CPU.Build.0 = Debug|Any CPU
		{005F9988-7DBE-4C90-B16D-2FDAC11BF488}.Release|Any CPU.ActiveCfg = Release|Any CPU
		{005F9988-7DBE-4C90-B16D-2FDAC11BF488}.Release|Any CPU.Build.0 = Release|Any CPU
	EndGlobalSection
	GlobalSection(SolutionProperties) = preSolution
		HideSolutionNode = FALSE
	EndGlobalSection
	GlobalSection(ExtensibilityGlobals) = postSolution
		SolutionGuid = {4F08C900-292E-4416-AFEA-6845BDD60A55}
	EndGlobalSection
EndGlobal
